
Microsoft Visual Studio Solution File, Format Version 12.00
# Visual Studio Version 16
VisualStudioVersion = 16.0.30114.105
MinimumVisualStudioVersion = 10.0.40219.1
Project("{9A19103F-16F7-4668-BE54-9A1E7A4F7556}") = "IconPacks.Browser", "IconPacks.Browser\IconPacks.Browser.csproj", "{F38D3286-EE3A-4ADA-83F1-F2C919B5EE2C}"
EndProject
Project("{9A19103F-16F7-4668-BE54-9A1E7A4F7556}") = "_build", "..\build\_build.csproj", "{387BB020-759C-47CC-9AB1-7B68CBA71A5C}"
EndProject
Global
	GlobalSection(SolutionConfigurationPlatforms) = preSolution
		Debug|Any CPU = Debug|Any CPU
		Debug|x64 = Debug|x64
		Debug|x86 = Debug|x86
		Release|Any CPU = Release|Any CPU
		Release|x64 = Release|x64
		Release|x86 = Release|x86
	EndGlobalSection
	GlobalSection(ProjectConfigurationPlatforms) = postSolution
		{F38D3286-EE3A-4ADA-83F1-F2C919B5EE2C}.Debug|Any CPU.ActiveCfg = Debug|Any CPU
		{F38D3286-EE3A-4ADA-83F1-F2C919B5EE2C}.Debug|Any CPU.Build.0 = Debug|Any CPU
		{F38D3286-EE3A-4ADA-83F1-F2C919B5EE2C}.Debug|x64.ActiveCfg = Debug|Any CPU
		{F38D3286-EE3A-4ADA-83F1-F2C919B5EE2C}.Debug|x64.Build.0 = Debug|Any CPU
		{F38D3286-EE3A-4ADA-83F1-F2C919B5EE2C}.Debug|x86.ActiveCfg = Debug|Any CPU
		{F38D3286-EE3A-4ADA-83F1-F2C919B5EE2C}.Debug|x86.Build.0 = Debug|Any CPU
		{F38D3286-EE3A-4ADA-83F1-F2C919B5EE2C}.Release|Any CPU.ActiveCfg = Release|Any CPU
		{F38D3286-EE3A-4ADA-83F1-F2C919B5EE2C}.Release|Any CPU.Build.0 = Release|Any CPU
		{F38D3286-EE3A-4ADA-83F1-F2C919B5EE2C}.Release|x64.ActiveCfg = Release|Any CPU
		{F38D3286-EE3A-4ADA-83F1-F2C919B5EE2C}.Release|x64.Build.0 = Release|Any CPU
		{F38D3286-EE3A-4ADA-83F1-F2C919B5EE2C}.Release|x86.ActiveCfg = Release|Any CPU
		{F38D3286-EE3A-4ADA-83F1-F2C919B5EE2C}.Release|x86.Build.0 = Release|Any CPU
		{387BB020-759C-47CC-9AB1-7B68CBA71A5C}.Debug|Any CPU.ActiveCfg = Debug|Any CPU
		{387BB020-759C-47CC-9AB1-7B68CBA71A5C}.Debug|x64.ActiveCfg = Debug|Any CPU
		{387BB020-759C-47CC-9AB1-7B68CBA71A5C}.Debug|x86.ActiveCfg = Debug|Any CPU
		{387BB020-759C-47CC-9AB1-7B68CBA71A5C}.Release|Any CPU.ActiveCfg = Release|Any CPU
		{387BB020-759C-47CC-9AB1-7B68CBA71A5C}.Release|x64.ActiveCfg = Release|Any CPU
		{387BB020-759C-47CC-9AB1-7B68CBA71A5C}.Release|x86.ActiveCfg = Release|Any CPU
	EndGlobalSection
	GlobalSection(SolutionProperties) = preSolution
		HideSolutionNode = FALSE
	EndGlobalSection
	GlobalSection(ExtensibilityGlobals) = postSolution
		SolutionGuid = {513A80D9-CD35-47E8-B2B1-638737838D06}
	EndGlobalSection
EndGlobal
